
Microsoft Visual Studio Solution File, Format Version 12.00
# Visual Studio Version 16
VisualStudioVersion = 16.0.29911.84
MinimumVisualStudioVersion = 10.0.40219.1
Project("{FAE04EC0-301F-11D3-BF4B-00C04F79EFBC}") = "CAI_ej.08-03.04.21-cadenas", "CAI_ej.08-03.04.21-cadenas\CAI_ej.08-03.04.21-cadenas.csproj", "{38141A6D-6672-4A5A-8193-C26605EB3700}"
EndProject
Global
	GlobalSection(SolutionConfigurationPlatforms) = preSolution
		Debug|Any CPU = Debug|Any CPU
		Release|Any CPU = Release|Any CPU
	EndGlobalSection
	GlobalSection(ProjectConfigurationPlatforms) = postSolution
		{38141A6D-6672-4A5A-8193-C26605EB3700}.Debug|Any CPU.ActiveCfg = Debug|Any CPU
		{38141A6D-6672-4A5A-8193-C26605EB3700}.Debug|Any CPU.Build.0 = Debug|Any CPU
		{38141A6D-6672-4A5A-8193-C26605EB3700}.Release|Any CPU.ActiveCfg = Release|Any CPU
		{38141A6D-6672-4A5A-8193-C26605EB3700}.Release|Any CPU.Build.0 = Release|Any CPU
	EndGlobalSection
	GlobalSection(SolutionProperties) = preSolution
		HideSolutionNode = FALSE
	EndGlobalSection
	GlobalSection(ExtensibilityGlobals) = postSolution
		SolutionGuid = {9C3423D0-85B2-4562-8580-9DCE010E3EF8}
	EndGlobalSection
EndGlobal
